// !$*UTF8*$!
{
	archiveVersion = 1;
	classes = {
	};
	objectVersion = 55;
	objects = {

/* Begin PBXBuildFile section */
		953A3C072A44393200638D7C /* AppDelegate.swift in Sources */ = {isa = PBXBuildFile; fileRef = 953A3C062A44393200638D7C /* AppDelegate.swift */; };
		953A3C092A44393200638D7C /* SceneDelegate.swift in Sources */ = {isa = PBXBuildFile; fileRef = 953A3C082A44393200638D7C /* SceneDelegate.swift */; };
		953A3C102A44393300638D7C /* Assets.xcassets in Resources */ = {isa = PBXBuildFile; fileRef = 953A3C0F2A44393300638D7C /* Assets.xcassets */; };
		953A3C132A44393300638D7C /* LaunchScreen.storyboard in Resources */ = {isa = PBXBuildFile; fileRef = 953A3C112A44393300638D7C /* LaunchScreen.storyboard */; };
		953A3C252A443B7200638D7C /* TabBarController.swift in Sources */ = {isa = PBXBuildFile; fileRef = 953A3C242A443B7200638D7C /* TabBarController.swift */; };
		953A3C272A443C4500638D7C /* ModuleBuilder.swift in Sources */ = {isa = PBXBuildFile; fileRef = 953A3C262A443C4500638D7C /* ModuleBuilder.swift */; };
		953A3C2E2A443D0900638D7C /* NewsListController.swift in Sources */ = {isa = PBXBuildFile; fileRef = 953A3C2D2A443D0900638D7C /* NewsListController.swift */; };
		953A3C302A443D1600638D7C /* NewsListPresenter.swift in Sources */ = {isa = PBXBuildFile; fileRef = 953A3C2F2A443D1600638D7C /* NewsListPresenter.swift */; };
		953A3C322A443D2F00638D7C /* FavoriteArticlePresenter.swift in Sources */ = {isa = PBXBuildFile; fileRef = 953A3C312A443D2F00638D7C /* FavoriteArticlePresenter.swift */; };
		953A3C342A443D4100638D7C /* FavoriteArticleController.swift in Sources */ = {isa = PBXBuildFile; fileRef = 953A3C332A443D4100638D7C /* FavoriteArticleController.swift */; };
		953A3C362A444D1D00638D7C /* NetworkService.swift in Sources */ = {isa = PBXBuildFile; fileRef = 953A3C352A444D1D00638D7C /* NetworkService.swift */; };
		953A3C382A444D5E00638D7C /* NetworkError.swift in Sources */ = {isa = PBXBuildFile; fileRef = 953A3C372A444D5E00638D7C /* NetworkError.swift */; };
		953A3C3A2A444D8400638D7C /* APIManager.swift in Sources */ = {isa = PBXBuildFile; fileRef = 953A3C392A444D8400638D7C /* APIManager.swift */; };
		953A3C3C2A4493B400638D7C /* WrappedModel.swift in Sources */ = {isa = PBXBuildFile; fileRef = 953A3C3B2A4493B400638D7C /* WrappedModel.swift */; };
		953A3C3E2A44A00000638D7C /* TopArticleCell.swift in Sources */ = {isa = PBXBuildFile; fileRef = 953A3C3D2A44A00000638D7C /* TopArticleCell.swift */; };
		953A3C402A44A6F700638D7C /* LayoutBuilder.swift in Sources */ = {isa = PBXBuildFile; fileRef = 953A3C3F2A44A6F700638D7C /* LayoutBuilder.swift */; };
		953A3C422A44CA2800638D7C /* LatestArticleCell.swift in Sources */ = {isa = PBXBuildFile; fileRef = 953A3C412A44CA2800638D7C /* LatestArticleCell.swift */; };
		953A3C442A44D31300638D7C /* UICollectionViewCell+Extension.swift in Sources */ = {isa = PBXBuildFile; fileRef = 953A3C432A44D31300638D7C /* UICollectionViewCell+Extension.swift */; };
		953A3C482A45EF0500638D7C /* DetailArticleController.swift in Sources */ = {isa = PBXBuildFile; fileRef = 953A3C472A45EF0500638D7C /* DetailArticleController.swift */; };
		953A3C4A2A45EF1000638D7C /* DetailArticlePresenter.swift in Sources */ = {isa = PBXBuildFile; fileRef = 953A3C492A45EF1000638D7C /* DetailArticlePresenter.swift */; };
		953A3C4D2A45EFAF00638D7C /* StorageService.swift in Sources */ = {isa = PBXBuildFile; fileRef = 953A3C4C2A45EFAF00638D7C /* StorageService.swift */; };
		953A3C4F2A45EFE300638D7C /* RealmRepository.swift in Sources */ = {isa = PBXBuildFile; fileRef = 953A3C4E2A45EFE300638D7C /* RealmRepository.swift */; };
		953A3C512A45F17800638D7C /* PersistedArticle.swift in Sources */ = {isa = PBXBuildFile; fileRef = 953A3C502A45F17800638D7C /* PersistedArticle.swift */; };
		953A3C532A4600FF00638D7C /* DetailView.swift in Sources */ = {isa = PBXBuildFile; fileRef = 953A3C522A4600FF00638D7C /* DetailView.swift */; };
		953A3C552A46062D00638D7C /* NewsListRouter.swift in Sources */ = {isa = PBXBuildFile; fileRef = 953A3C542A46062D00638D7C /* NewsListRouter.swift */; };
		953A3C572A46065D00638D7C /* FavoriteArticleRouter.swift in Sources */ = {isa = PBXBuildFile; fileRef = 953A3C562A46065D00638D7C /* FavoriteArticleRouter.swift */; };
		953A3C592A46066600638D7C /* DetailArticleRouter.swift in Sources */ = {isa = PBXBuildFile; fileRef = 953A3C582A46066600638D7C /* DetailArticleRouter.swift */; };
		953DEF712A46AB6800E59BAE /* LikeBarButtonItem.swift in Sources */ = {isa = PBXBuildFile; fileRef = 953DEF702A46AB6800E59BAE /* LikeBarButtonItem.swift */; };
		953DEF732A46D9FF00E59BAE /* FavoriteArticleCell.swift in Sources */ = {isa = PBXBuildFile; fileRef = 953DEF722A46D9FF00E59BAE /* FavoriteArticleCell.swift */; };
		953DEF752A46DB2E00E59BAE /* UITableViewCell+Extension.swift in Sources */ = {isa = PBXBuildFile; fileRef = 953DEF742A46DB2E00E59BAE /* UITableViewCell+Extension.swift */; };
		953DEF772A47271E00E59BAE /* HeaderReusableView.swift in Sources */ = {isa = PBXBuildFile; fileRef = 953DEF762A47271E00E59BAE /* HeaderReusableView.swift */; };
		953DEF792A482CC100E59BAE /* Section.swift in Sources */ = {isa = PBXBuildFile; fileRef = 953DEF782A482CC100E59BAE /* Section.swift */; };
		F16A16E1525E8693A864A71A /* Pods_NewsViewer.framework in Frameworks */ = {isa = PBXBuildFile; fileRef = 4633FCC7DFE3D4E4DFBF2857 /* Pods_NewsViewer.framework */; };
/* End PBXBuildFile section */

/* Begin PBXFileReference section */
		4633FCC7DFE3D4E4DFBF2857 /* Pods_NewsViewer.framework */ = {isa = PBXFileReference; explicitFileType = wrapper.framework; includeInIndex = 0; path = Pods_NewsViewer.framework; sourceTree = BUILT_PRODUCTS_DIR; };
		6F4B85B08766D30A92E38D26 /* Pods-NewsViewer.debug.xcconfig */ = {isa = PBXFileReference; includeInIndex = 1; lastKnownFileType = text.xcconfig; name = "Pods-NewsViewer.debug.xcconfig"; path = "Target Support Files/Pods-NewsViewer/Pods-NewsViewer.debug.xcconfig"; sourceTree = "<group>"; };
		953A3C032A44393200638D7C /* NewsViewer.app */ = {isa = PBXFileReference; explicitFileType = wrapper.application; includeInIndex = 0; path = NewsViewer.app; sourceTree = BUILT_PRODUCTS_DIR; };
		953A3C062A44393200638D7C /* AppDelegate.swift */ = {isa = PBXFileReference; lastKnownFileType = sourcecode.swift; path = AppDelegate.swift; sourceTree = "<group>"; };
		953A3C082A44393200638D7C /* SceneDelegate.swift */ = {isa = PBXFileReference; lastKnownFileType = sourcecode.swift; path = SceneDelegate.swift; sourceTree = "<group>"; };
		953A3C0F2A44393300638D7C /* Assets.xcassets */ = {isa = PBXFileReference; lastKnownFileType = folder.assetcatalog; path = Assets.xcassets; sourceTree = "<group>"; };
		953A3C122A44393300638D7C /* Base */ = {isa = PBXFileReference; lastKnownFileType = file.storyboard; name = Base; path = Base.lproj/LaunchScreen.storyboard; sourceTree = "<group>"; };
		953A3C142A44393300638D7C /* Info.plist */ = {isa = PBXFileReference; lastKnownFileType = text.plist.xml; path = Info.plist; sourceTree = "<group>"; };
		953A3C242A443B7200638D7C /* TabBarController.swift */ = {isa = PBXFileReference; lastKnownFileType = sourcecode.swift; path = TabBarController.swift; sourceTree = "<group>"; };
		953A3C262A443C4500638D7C /* ModuleBuilder.swift */ = {isa = PBXFileReference; lastKnownFileType = sourcecode.swift; path = ModuleBuilder.swift; sourceTree = "<group>"; };
		953A3C2D2A443D0900638D7C /* NewsListController.swift */ = {isa = PBXFileReference; lastKnownFileType = sourcecode.swift; path = NewsListController.swift; sourceTree = "<group>"; };
		953A3C2F2A443D1600638D7C /* NewsListPresenter.swift */ = {isa = PBXFileReference; lastKnownFileType = sourcecode.swift; path = NewsListPresenter.swift; sourceTree = "<group>"; };
		953A3C312A443D2F00638D7C /* FavoriteArticlePresenter.swift */ = {isa = PBXFileReference; lastKnownFileType = sourcecode.swift; path = FavoriteArticlePresenter.swift; sourceTree = "<group>"; };
		953A3C332A443D4100638D7C /* FavoriteArticleController.swift */ = {isa = PBXFileReference; lastKnownFileType = sourcecode.swift; path = FavoriteArticleController.swift; sourceTree = "<group>"; };
		953A3C352A444D1D00638D7C /* NetworkService.swift */ = {isa = PBXFileReference; lastKnownFileType = sourcecode.swift; path = NetworkService.swift; sourceTree = "<group>"; };
		953A3C372A444D5E00638D7C /* NetworkError.swift */ = {isa = PBXFileReference; lastKnownFileType = sourcecode.swift; path = NetworkError.swift; sourceTree = "<group>"; };
		953A3C392A444D8400638D7C /* APIManager.swift */ = {isa = PBXFileReference; lastKnownFileType = sourcecode.swift; path = APIManager.swift; sourceTree = "<group>"; };
		953A3C3B2A4493B400638D7C /* WrappedModel.swift */ = {isa = PBXFileReference; lastKnownFileType = sourcecode.swift; path = WrappedModel.swift; sourceTree = "<group>"; };
		953A3C3D2A44A00000638D7C /* TopArticleCell.swift */ = {isa = PBXFileReference; lastKnownFileType = sourcecode.swift; path = TopArticleCell.swift; sourceTree = "<group>"; };
		953A3C3F2A44A6F700638D7C /* LayoutBuilder.swift */ = {isa = PBXFileReference; lastKnownFileType = sourcecode.swift; path = LayoutBuilder.swift; sourceTree = "<group>"; };
		953A3C412A44CA2800638D7C /* LatestArticleCell.swift */ = {isa = PBXFileReference; lastKnownFileType = sourcecode.swift; path = LatestArticleCell.swift; sourceTree = "<group>"; };
		953A3C432A44D31300638D7C /* UICollectionViewCell+Extension.swift */ = {isa = PBXFileReference; lastKnownFileType = sourcecode.swift; path = "UICollectionViewCell+Extension.swift"; sourceTree = "<group>"; };
		953A3C472A45EF0500638D7C /* DetailArticleController.swift */ = {isa = PBXFileReference; lastKnownFileType = sourcecode.swift; path = DetailArticleController.swift; sourceTree = "<group>"; };
		953A3C492A45EF1000638D7C /* DetailArticlePresenter.swift */ = {isa = PBXFileReference; lastKnownFileType = sourcecode.swift; path = DetailArticlePresenter.swift; sourceTree = "<group>"; };
		953A3C4C2A45EFAF00638D7C /* StorageService.swift */ = {isa = PBXFileReference; lastKnownFileType = sourcecode.swift; path = StorageService.swift; sourceTree = "<group>"; };
		953A3C4E2A45EFE300638D7C /* RealmRepository.swift */ = {isa = PBXFileReference; lastKnownFileType = sourcecode.swift; path = RealmRepository.swift; sourceTree = "<group>"; };
		953A3C502A45F17800638D7C /* PersistedArticle.swift */ = {isa = PBXFileReference; lastKnownFileType = sourcecode.swift; path = PersistedArticle.swift; sourceTree = "<group>"; };
		953A3C522A4600FF00638D7C /* DetailView.swift */ = {isa = PBXFileReference; lastKnownFileType = sourcecode.swift; path = DetailView.swift; sourceTree = "<group>"; };
		953A3C542A46062D00638D7C /* NewsListRouter.swift */ = {isa = PBXFileReference; lastKnownFileType = sourcecode.swift; path = NewsListRouter.swift; sourceTree = "<group>"; };
		953A3C562A46065D00638D7C /* FavoriteArticleRouter.swift */ = {isa = PBXFileReference; lastKnownFileType = sourcecode.swift; path = FavoriteArticleRouter.swift; sourceTree = "<group>"; };
		953A3C582A46066600638D7C /* DetailArticleRouter.swift */ = {isa = PBXFileReference; lastKnownFileType = sourcecode.swift; path = DetailArticleRouter.swift; sourceTree = "<group>"; };
		953DEF702A46AB6800E59BAE /* LikeBarButtonItem.swift */ = {isa = PBXFileReference; lastKnownFileType = sourcecode.swift; path = LikeBarButtonItem.swift; sourceTree = "<group>"; };
		953DEF722A46D9FF00E59BAE /* FavoriteArticleCell.swift */ = {isa = PBXFileReference; lastKnownFileType = sourcecode.swift; path = FavoriteArticleCell.swift; sourceTree = "<group>"; };
		953DEF742A46DB2E00E59BAE /* UITableViewCell+Extension.swift */ = {isa = PBXFileReference; lastKnownFileType = sourcecode.swift; path = "UITableViewCell+Extension.swift"; sourceTree = "<group>"; };
		953DEF762A47271E00E59BAE /* HeaderReusableView.swift */ = {isa = PBXFileReference; lastKnownFileType = sourcecode.swift; path = HeaderReusableView.swift; sourceTree = "<group>"; };
		953DEF782A482CC100E59BAE /* Section.swift */ = {isa = PBXFileReference; lastKnownFileType = sourcecode.swift; path = Section.swift; sourceTree = "<group>"; };
		D71B76F615B9F8402FAD3887 /* Pods-NewsViewer.release.xcconfig */ = {isa = PBXFileReference; includeInIndex = 1; lastKnownFileType = text.xcconfig; name = "Pods-NewsViewer.release.xcconfig"; path = "Target Support Files/Pods-NewsViewer/Pods-NewsViewer.release.xcconfig"; sourceTree = "<group>"; };
/* End PBXFileReference section */

/* Begin PBXFrameworksBuildPhase section */
		953A3C002A44393200638D7C /* Frameworks */ = {
			isa = PBXFrameworksBuildPhase;
			buildActionMask = 2147483647;
			files = (
				F16A16E1525E8693A864A71A /* Pods_NewsViewer.framework in Frameworks */,
			);
			runOnlyForDeploymentPostprocessing = 0;
		};
/* End PBXFrameworksBuildPhase section */

/* Begin PBXGroup section */
		82269795F2E074E5576B0449 /* Frameworks */ = {
			isa = PBXGroup;
			children = (
				4633FCC7DFE3D4E4DFBF2857 /* Pods_NewsViewer.framework */,
			);
			name = Frameworks;
			sourceTree = "<group>";
		};
		953A3BFA2A44393200638D7C = {
			isa = PBXGroup;
			children = (
				953A3C052A44393200638D7C /* NewsViewer */,
				953A3C042A44393200638D7C /* Products */,
				DD548E5F8708665B55601851 /* Pods */,
				82269795F2E074E5576B0449 /* Frameworks */,
			);
			sourceTree = "<group>";
		};
		953A3C042A44393200638D7C /* Products */ = {
			isa = PBXGroup;
			children = (
				953A3C032A44393200638D7C /* NewsViewer.app */,
			);
			name = Products;
			sourceTree = "<group>";
		};
		953A3C052A44393200638D7C /* NewsViewer */ = {
			isa = PBXGroup;
			children = (
				953A3C1A2A443A5A00638D7C /* App */,
				953A3C1F2A443ADC00638D7C /* Builder */,
				953A3C1C2A443ABE00638D7C /* Constant */,
				953A3C232A443B5300638D7C /* Controller */,
				953A3C1D2A443AC900638D7C /* Extension */,
				953A3C202A443AE200638D7C /* Model */,
				953A3C1E2A443AD400638D7C /* Module */,
				953A3C212A443AEB00638D7C /* Network Layer */,
				953A3C222A443AF400638D7C /* Persistence Layer */,
				953A3C1B2A443A7000638D7C /* Resource */,
			);
			path = NewsViewer;
			sourceTree = "<group>";
		};
		953A3C1A2A443A5A00638D7C /* App */ = {
			isa = PBXGroup;
			children = (
				953A3C062A44393200638D7C /* AppDelegate.swift */,
				953A3C082A44393200638D7C /* SceneDelegate.swift */,
			);
			path = App;
			sourceTree = "<group>";
		};
		953A3C1B2A443A7000638D7C /* Resource */ = {
			isa = PBXGroup;
			children = (
				953A3C0F2A44393300638D7C /* Assets.xcassets */,
				953A3C112A44393300638D7C /* LaunchScreen.storyboard */,
				953A3C142A44393300638D7C /* Info.plist */,
			);
			path = Resource;
			sourceTree = "<group>";
		};
		953A3C1C2A443ABE00638D7C /* Constant */ = {
			isa = PBXGroup;
			children = (
			);
			path = Constant;
			sourceTree = "<group>";
		};
		953A3C1D2A443AC900638D7C /* Extension */ = {
			isa = PBXGroup;
			children = (
				953A3C432A44D31300638D7C /* UICollectionViewCell+Extension.swift */,
				953DEF742A46DB2E00E59BAE /* UITableViewCell+Extension.swift */,
			);
			path = Extension;
			sourceTree = "<group>";
		};
		953A3C1E2A443AD400638D7C /* Module */ = {
			isa = PBXGroup;
			children = (
				953A3C2A2A443CD700638D7C /* DetailArticle */,
				953A3C292A443CCC00638D7C /* FavoriteArticle */,
				953A3C282A443CC100638D7C /* NewsList */,
			);
			path = Module;
			sourceTree = "<group>";
		};
		953A3C1F2A443ADC00638D7C /* Builder */ = {
			isa = PBXGroup;
			children = (
				953A3C262A443C4500638D7C /* ModuleBuilder.swift */,
				953A3C3F2A44A6F700638D7C /* LayoutBuilder.swift */,
			);
			path = Builder;
			sourceTree = "<group>";
		};
		953A3C202A443AE200638D7C /* Model */ = {
			isa = PBXGroup;
			children = (
				953A3C3B2A4493B400638D7C /* WrappedModel.swift */,
				953A3C502A45F17800638D7C /* PersistedArticle.swift */,
				953DEF782A482CC100E59BAE /* Section.swift */,
			);
			path = Model;
			sourceTree = "<group>";
		};
		953A3C212A443AEB00638D7C /* Network Layer */ = {
			isa = PBXGroup;
			children = (
				953A3C352A444D1D00638D7C /* NetworkService.swift */,
				953A3C372A444D5E00638D7C /* NetworkError.swift */,
				953A3C392A444D8400638D7C /* APIManager.swift */,
			);
			path = "Network Layer";
			sourceTree = "<group>";
		};
		953A3C222A443AF400638D7C /* Persistence Layer */ = {
			isa = PBXGroup;
			children = (
				953A3C4C2A45EFAF00638D7C /* StorageService.swift */,
				953A3C4E2A45EFE300638D7C /* RealmRepository.swift */,
			);
			path = "Persistence Layer";
			sourceTree = "<group>";
		};
		953A3C232A443B5300638D7C /* Controller */ = {
			isa = PBXGroup;
			children = (
				953A3C242A443B7200638D7C /* TabBarController.swift */,
			);
			path = Controller;
			sourceTree = "<group>";
		};
		953A3C282A443CC100638D7C /* NewsList */ = {
			isa = PBXGroup;
			children = (
				953A3C2B2A443CE500638D7C /* View */,
				953A3C2D2A443D0900638D7C /* NewsListController.swift */,
				953A3C2F2A443D1600638D7C /* NewsListPresenter.swift */,
				953A3C542A46062D00638D7C /* NewsListRouter.swift */,
			);
			path = NewsList;
			sourceTree = "<group>";
		};
		953A3C292A443CCC00638D7C /* FavoriteArticle */ = {
			isa = PBXGroup;
			children = (
				953A3C2C2A443CEE00638D7C /* View */,
				953A3C332A443D4100638D7C /* FavoriteArticleController.swift */,
				953A3C312A443D2F00638D7C /* FavoriteArticlePresenter.swift */,
				953A3C562A46065D00638D7C /* FavoriteArticleRouter.swift */,
			);
			path = FavoriteArticle;
			sourceTree = "<group>";
		};
		953A3C2A2A443CD700638D7C /* DetailArticle */ = {
			isa = PBXGroup;
			children = (
				953A3C4B2A45EF1800638D7C /* View */,
				953A3C472A45EF0500638D7C /* DetailArticleController.swift */,
				953A3C492A45EF1000638D7C /* DetailArticlePresenter.swift */,
				953A3C582A46066600638D7C /* DetailArticleRouter.swift */,
			);
			path = DetailArticle;
			sourceTree = "<group>";
		};
		953A3C2B2A443CE500638D7C /* View */ = {
			isa = PBXGroup;
			children = (
				953A3C3D2A44A00000638D7C /* TopArticleCell.swift */,
				953A3C412A44CA2800638D7C /* LatestArticleCell.swift */,
				953DEF762A47271E00E59BAE /* HeaderReusableView.swift */,
			);
			path = View;
			sourceTree = "<group>";
		};
		953A3C2C2A443CEE00638D7C /* View */ = {
			isa = PBXGroup;
			children = (
				953DEF722A46D9FF00E59BAE /* FavoriteArticleCell.swift */,
			);
			path = View;
			sourceTree = "<group>";
		};
		953A3C4B2A45EF1800638D7C /* View */ = {
			isa = PBXGroup;
			children = (
				953A3C522A4600FF00638D7C /* DetailView.swift */,
				953DEF702A46AB6800E59BAE /* LikeBarButtonItem.swift */,
			);
			path = View;
			sourceTree = "<group>";
		};
		DD548E5F8708665B55601851 /* Pods */ = {
			isa = PBXGroup;
			children = (
				6F4B85B08766D30A92E38D26 /* Pods-NewsViewer.debug.xcconfig */,
				D71B76F615B9F8402FAD3887 /* Pods-NewsViewer.release.xcconfig */,
			);
			path = Pods;
			sourceTree = "<group>";
		};
/* End PBXGroup section */

/* Begin PBXNativeTarget section */
		953A3C022A44393200638D7C /* NewsViewer */ = {
			isa = PBXNativeTarget;
			buildConfigurationList = 953A3C172A44393300638D7C /* Build configuration list for PBXNativeTarget "NewsViewer" */;
			buildPhases = (
				ECC8E79B9B52B9237ECE9378 /* [CP] Check Pods Manifest.lock */,
				953A3BFF2A44393200638D7C /* Sources */,
				953A3C002A44393200638D7C /* Frameworks */,
				953A3C012A44393200638D7C /* Resources */,
				389677631088C67060F36D32 /* [CP] Embed Pods Frameworks */,
			);
			buildRules = (
			);
			dependencies = (
			);
			name = NewsViewer;
			productName = NewsViewer;
			productReference = 953A3C032A44393200638D7C /* NewsViewer.app */;
			productType = "com.apple.product-type.application";
		};
/* End PBXNativeTarget section */

/* Begin PBXProject section */
		953A3BFB2A44393200638D7C /* Project object */ = {
			isa = PBXProject;
			attributes = {
				BuildIndependentTargetsInParallel = 1;
				LastSwiftUpdateCheck = 1430;
				LastUpgradeCheck = 1430;
				TargetAttributes = {
					953A3C022A44393200638D7C = {
						CreatedOnToolsVersion = 14.3.1;
					};
				};
			};
			buildConfigurationList = 953A3BFE2A44393200638D7C /* Build configuration list for PBXProject "NewsViewer" */;
			compatibilityVersion = "Xcode 13.0";
			developmentRegion = en;
			hasScannedForEncodings = 0;
			knownRegions = (
				en,
				Base,
			);
			mainGroup = 953A3BFA2A44393200638D7C;
			productRefGroup = 953A3C042A44393200638D7C /* Products */;
			projectDirPath = "";
			projectRoot = "";
			targets = (
				953A3C022A44393200638D7C /* NewsViewer */,
			);
		};
/* End PBXProject section */

/* Begin PBXResourcesBuildPhase section */
		953A3C012A44393200638D7C /* Resources */ = {
			isa = PBXResourcesBuildPhase;
			buildActionMask = 2147483647;
			files = (
				953A3C132A44393300638D7C /* LaunchScreen.storyboard in Resources */,
				953A3C102A44393300638D7C /* Assets.xcassets in Resources */,
			);
			runOnlyForDeploymentPostprocessing = 0;
		};
/* End PBXResourcesBuildPhase section */

/* Begin PBXShellScriptBuildPhase section */
		389677631088C67060F36D32 /* [CP] Embed Pods Frameworks */ = {
			isa = PBXShellScriptBuildPhase;
			buildActionMask = 2147483647;
			files = (
			);
			inputFileListPaths = (
				"${PODS_ROOT}/Target Support Files/Pods-NewsViewer/Pods-NewsViewer-frameworks-${CONFIGURATION}-input-files.xcfilelist",
			);
			name = "[CP] Embed Pods Frameworks";
			outputFileListPaths = (
				"${PODS_ROOT}/Target Support Files/Pods-NewsViewer/Pods-NewsViewer-frameworks-${CONFIGURATION}-output-files.xcfilelist",
			);
			runOnlyForDeploymentPostprocessing = 0;
			shellPath = /bin/sh;
			shellScript = "\"${PODS_ROOT}/Target Support Files/Pods-NewsViewer/Pods-NewsViewer-frameworks.sh\"\n";
			showEnvVarsInLog = 0;
		};
		ECC8E79B9B52B9237ECE9378 /* [CP] Check Pods Manifest.lock */ = {
			isa = PBXShellScriptBuildPhase;
			buildActionMask = 2147483647;
			files = (
			);
			inputFileListPaths = (
			);
			inputPaths = (
				"${PODS_PODFILE_DIR_PATH}/Podfile.lock",
				"${PODS_ROOT}/Manifest.lock",
			);
			name = "[CP] Check Pods Manifest.lock";
			outputFileListPaths = (
			);
			outputPaths = (
				"$(DERIVED_FILE_DIR)/Pods-NewsViewer-checkManifestLockResult.txt",
			);
			runOnlyForDeploymentPostprocessing = 0;
			shellPath = /bin/sh;
			shellScript = "diff \"${PODS_PODFILE_DIR_PATH}/Podfile.lock\" \"${PODS_ROOT}/Manifest.lock\" > /dev/null\nif [ $? != 0 ] ; then\n    # print error to STDERR\n    echo \"error: The sandbox is not in sync with the Podfile.lock. Run 'pod install' or update your CocoaPods installation.\" >&2\n    exit 1\nfi\n# This output is used by Xcode 'outputs' to avoid re-running this script phase.\necho \"SUCCESS\" > \"${SCRIPT_OUTPUT_FILE_0}\"\n";
			showEnvVarsInLog = 0;
		};
/* End PBXShellScriptBuildPhase section */

/* Begin PBXSourcesBuildPhase section */
		953A3BFF2A44393200638D7C /* Sources */ = {
			isa = PBXSourcesBuildPhase;
			buildActionMask = 2147483647;
			files = (
				953A3C252A443B7200638D7C /* TabBarController.swift in Sources */,
				953A3C072A44393200638D7C /* AppDelegate.swift in Sources */,
				953DEF772A47271E00E59BAE /* HeaderReusableView.swift in Sources */,
				953A3C342A443D4100638D7C /* FavoriteArticleController.swift in Sources */,
				953DEF712A46AB6800E59BAE /* LikeBarButtonItem.swift in Sources */,
				953A3C402A44A6F700638D7C /* LayoutBuilder.swift in Sources */,
				953A3C092A44393200638D7C /* SceneDelegate.swift in Sources */,
				953A3C4D2A45EFAF00638D7C /* StorageService.swift in Sources */,
				953A3C422A44CA2800638D7C /* LatestArticleCell.swift in Sources */,
				953DEF792A482CC100E59BAE /* Section.swift in Sources */,
				953A3C3A2A444D8400638D7C /* APIManager.swift in Sources */,
				953A3C362A444D1D00638D7C /* NetworkService.swift in Sources */,
				953A3C552A46062D00638D7C /* NewsListRouter.swift in Sources */,
				953A3C272A443C4500638D7C /* ModuleBuilder.swift in Sources */,
				953A3C4F2A45EFE300638D7C /* RealmRepository.swift in Sources */,
				953A3C3E2A44A00000638D7C /* TopArticleCell.swift in Sources */,
				953A3C592A46066600638D7C /* DetailArticleRouter.swift in Sources */,
				953A3C482A45EF0500638D7C /* DetailArticleController.swift in Sources */,
				953A3C512A45F17800638D7C /* PersistedArticle.swift in Sources */,
				953DEF752A46DB2E00E59BAE /* UITableViewCell+Extension.swift in Sources */,
				953A3C572A46065D00638D7C /* FavoriteArticleRouter.swift in Sources */,
				953A3C322A443D2F00638D7C /* FavoriteArticlePresenter.swift in Sources */,
				953DEF732A46D9FF00E59BAE /* FavoriteArticleCell.swift in Sources */,
				953A3C2E2A443D0900638D7C /* NewsListController.swift in Sources */,
				953A3C532A4600FF00638D7C /* DetailView.swift in Sources */,
				953A3C442A44D31300638D7C /* UICollectionViewCell+Extension.swift in Sources */,
				953A3C4A2A45EF1000638D7C /* DetailArticlePresenter.swift in Sources */,
				953A3C3C2A4493B400638D7C /* WrappedModel.swift in Sources */,
				953A3C302A443D1600638D7C /* NewsListPresenter.swift in Sources */,
				953A3C382A444D5E00638D7C /* NetworkError.swift in Sources */,
			);
			runOnlyForDeploymentPostprocessing = 0;
		};
/* End PBXSourcesBuildPhase section */

/* Begin PBXVariantGroup section */
		953A3C112A44393300638D7C /* LaunchScreen.storyboard */ = {
			isa = PBXVariantGroup;
			children = (
				953A3C122A44393300638D7C /* Base */,
			);
			name = LaunchScreen.storyboard;
			sourceTree = "<group>";
		};
/* End PBXVariantGroup section */

/* Begin XCBuildConfiguration section */
		953A3C152A44393300638D7C /* Debug */ = {
			isa = XCBuildConfiguration;
			buildSettings = {
				ALWAYS_SEARCH_USER_PATHS = NO;
				CLANG_ANALYZER_NONNULL = YES;
				CLANG_ANALYZER_NUMBER_OBJECT_CONVERSION = YES_AGGRESSIVE;
				CLANG_CXX_LANGUAGE_STANDARD = "gnu++20";
				CLANG_ENABLE_MODULES = YES;
				CLANG_ENABLE_OBJC_ARC = YES;
				CLANG_ENABLE_OBJC_WEAK = YES;
				CLANG_WARN_BLOCK_CAPTURE_AUTORELEASING = YES;
				CLANG_WARN_BOOL_CONVERSION = YES;
				CLANG_WARN_COMMA = YES;
				CLANG_WARN_CONSTANT_CONVERSION = YES;
				CLANG_WARN_DEPRECATED_OBJC_IMPLEMENTATIONS = YES;
				CLANG_WARN_DIRECT_OBJC_ISA_USAGE = YES_ERROR;
				CLANG_WARN_DOCUMENTATION_COMMENTS = YES;
				CLANG_WARN_EMPTY_BODY = YES;
				CLANG_WARN_ENUM_CONVERSION = YES;
				CLANG_WARN_INFINITE_RECURSION = YES;
				CLANG_WARN_INT_CONVERSION = YES;
				CLANG_WARN_NON_LITERAL_NULL_CONVERSION = YES;
				CLANG_WARN_OBJC_IMPLICIT_RETAIN_SELF = YES;
				CLANG_WARN_OBJC_LITERAL_CONVERSION = YES;
				CLANG_WARN_OBJC_ROOT_CLASS = YES_ERROR;
				CLANG_WARN_QUOTED_INCLUDE_IN_FRAMEWORK_HEADER = YES;
				CLANG_WARN_RANGE_LOOP_ANALYSIS = YES;
				CLANG_WARN_STRICT_PROTOTYPES = YES;
				CLANG_WARN_SUSPICIOUS_MOVE = YES;
				CLANG_WARN_UNGUARDED_AVAILABILITY = YES_AGGRESSIVE;
				CLANG_WARN_UNREACHABLE_CODE = YES;
				CLANG_WARN__DUPLICATE_METHOD_MATCH = YES;
				COPY_PHASE_STRIP = NO;
				DEBUG_INFORMATION_FORMAT = dwarf;
				ENABLE_STRICT_OBJC_MSGSEND = YES;
				ENABLE_TESTABILITY = YES;
				GCC_C_LANGUAGE_STANDARD = gnu11;
				GCC_DYNAMIC_NO_PIC = NO;
				GCC_NO_COMMON_BLOCKS = YES;
				GCC_OPTIMIZATION_LEVEL = 0;
				GCC_PREPROCESSOR_DEFINITIONS = (
					"DEBUG=1",
					"$(inherited)",
				);
				GCC_WARN_64_TO_32_BIT_CONVERSION = YES;
				GCC_WARN_ABOUT_RETURN_TYPE = YES_ERROR;
				GCC_WARN_UNDECLARED_SELECTOR = YES;
				GCC_WARN_UNINITIALIZED_AUTOS = YES_AGGRESSIVE;
				GCC_WARN_UNUSED_FUNCTION = YES;
				GCC_WARN_UNUSED_VARIABLE = YES;
				IPHONEOS_DEPLOYMENT_TARGET = 16.4;
				MTL_ENABLE_DEBUG_INFO = INCLUDE_SOURCE;
				MTL_FAST_MATH = YES;
				ONLY_ACTIVE_ARCH = YES;
				SDKROOT = iphoneos;
				SWIFT_ACTIVE_COMPILATION_CONDITIONS = DEBUG;
				SWIFT_OPTIMIZATION_LEVEL = "-Onone";
			};
			name = Debug;
		};
		953A3C162A44393300638D7C /* Release */ = {
			isa = XCBuildConfiguration;
			buildSettings = {
				ALWAYS_SEARCH_USER_PATHS = NO;
				CLANG_ANALYZER_NONNULL = YES;
				CLANG_ANALYZER_NUMBER_OBJECT_CONVERSION = YES_AGGRESSIVE;
				CLANG_CXX_LANGUAGE_STANDARD = "gnu++20";
				CLANG_ENABLE_MODULES = YES;
				CLANG_ENABLE_OBJC_ARC = YES;
				CLANG_ENABLE_OBJC_WEAK = YES;
				CLANG_WARN_BLOCK_CAPTURE_AUTORELEASING = YES;
				CLANG_WARN_BOOL_CONVERSION = YES;
				CLANG_WARN_COMMA = YES;
				CLANG_WARN_CONSTANT_CONVERSION = YES;
				CLANG_WARN_DEPRECATED_OBJC_IMPLEMENTATIONS = YES;
				CLANG_WARN_DIRECT_OBJC_ISA_USAGE = YES_ERROR;
				CLANG_WARN_DOCUMENTATION_COMMENTS = YES;
				CLANG_WARN_EMPTY_BODY = YES;
				CLANG_WARN_ENUM_CONVERSION = YES;
				CLANG_WARN_INFINITE_RECURSION = YES;
				CLANG_WARN_INT_CONVERSION = YES;
				CLANG_WARN_NON_LITERAL_NULL_CONVERSION = YES;
				CLANG_WARN_OBJC_IMPLICIT_RETAIN_SELF = YES;
				CLANG_WARN_OBJC_LITERAL_CONVERSION = YES;
				CLANG_WARN_OBJC_ROOT_CLASS = YES_ERROR;
				CLANG_WARN_QUOTED_INCLUDE_IN_FRAMEWORK_HEADER = YES;
				CLANG_WARN_RANGE_LOOP_ANALYSIS = YES;
				CLANG_WARN_STRICT_PROTOTYPES = YES;
				CLANG_WARN_SUSPICIOUS_MOVE = YES;
				CLANG_WARN_UNGUARDED_AVAILABILITY = YES_AGGRESSIVE;
				CLANG_WARN_UNREACHABLE_CODE = YES;
				CLANG_WARN__DUPLICATE_METHOD_MATCH = YES;
				COPY_PHASE_STRIP = NO;
				DEBUG_INFORMATION_FORMAT = "dwarf-with-dsym";
				ENABLE_NS_ASSERTIONS = NO;
				ENABLE_STRICT_OBJC_MSGSEND = YES;
				GCC_C_LANGUAGE_STANDARD = gnu11;
				GCC_NO_COMMON_BLOCKS = YES;
				GCC_WARN_64_TO_32_BIT_CONVERSION = YES;
				GCC_WARN_ABOUT_RETURN_TYPE = YES_ERROR;
				GCC_WARN_UNDECLARED_SELECTOR = YES;
				GCC_WARN_UNINITIALIZED_AUTOS = YES_AGGRESSIVE;
				GCC_WARN_UNUSED_FUNCTION = YES;
				GCC_WARN_UNUSED_VARIABLE = YES;
				IPHONEOS_DEPLOYMENT_TARGET = 16.4;
				MTL_ENABLE_DEBUG_INFO = NO;
				MTL_FAST_MATH = YES;
				SDKROOT = iphoneos;
				SWIFT_COMPILATION_MODE = wholemodule;
				SWIFT_OPTIMIZATION_LEVEL = "-O";
				VALIDATE_PRODUCT = YES;
			};
			name = Release;
		};
		953A3C182A44393300638D7C /* Debug */ = {
			isa = XCBuildConfiguration;
			baseConfigurationReference = 6F4B85B08766D30A92E38D26 /* Pods-NewsViewer.debug.xcconfig */;
			buildSettings = {
				ASSETCATALOG_COMPILER_APPICON_NAME = AppIcon;
				ASSETCATALOG_COMPILER_GLOBAL_ACCENT_COLOR_NAME = AccentColor;
				CODE_SIGN_STYLE = Automatic;
				CURRENT_PROJECT_VERSION = 1;
				DEVELOPMENT_TEAM = 9JR25TA593;
				GENERATE_INFOPLIST_FILE = YES;
				INFOPLIST_FILE = NewsViewer/Resource/Info.plist;
				INFOPLIST_KEY_UIApplicationSupportsIndirectInputEvents = YES;
				INFOPLIST_KEY_UILaunchStoryboardName = LaunchScreen;
				INFOPLIST_KEY_UIMainStoryboardFile = "";
				INFOPLIST_KEY_UISupportedInterfaceOrientations = UIInterfaceOrientationPortrait;
				IPHONEOS_DEPLOYMENT_TARGET = 15.0;
				LD_RUNPATH_SEARCH_PATHS = (
					"$(inherited)",
					"@executable_path/Frameworks",
				);
				MARKETING_VERSION = 1.0;
				PRODUCT_BUNDLE_IDENTIFIER = com.apps.NewsViewer;
				PRODUCT_NAME = "$(TARGET_NAME)";
				SWIFT_EMIT_LOC_STRINGS = YES;
				SWIFT_VERSION = 5.0;
				TARGETED_DEVICE_FAMILY = "1,2";
			};
			name = Debug;
		};
		953A3C192A44393300638D7C /* Release */ = {
			isa = XCBuildConfiguration;
			baseConfigurationReference = D71B76F615B9F8402FAD3887 /* Pods-NewsViewer.release.xcconfig */;
			buildSettings = {
				ASSETCATALOG_COMPILER_APPICON_NAME = AppIcon;
				ASSETCATALOG_COMPILER_GLOBAL_ACCENT_COLOR_NAME = AccentColor;
				CODE_SIGN_STYLE = Automatic;
				CURRENT_PROJECT_VERSION = 1;
				DEVELOPMENT_TEAM = 9JR25TA593;
				GENERATE_INFOPLIST_FILE = YES;
				INFOPLIST_FILE = NewsViewer/Resource/Info.plist;
				INFOPLIST_KEY_UIApplicationSupportsIndirectInputEvents = YES;
				INFOPLIST_KEY_UILaunchStoryboardName = LaunchScreen;
				INFOPLIST_KEY_UIMainStoryboardFile = "";
				INFOPLIST_KEY_UISupportedInterfaceOrientations = UIInterfaceOrientationPortrait;
				IPHONEOS_DEPLOYMENT_TARGET = 15.0;
				LD_RUNPATH_SEARCH_PATHS = (
					"$(inherited)",
					"@executable_path/Frameworks",
				);
				MARKETING_VERSION = 1.0;
				PRODUCT_BUNDLE_IDENTIFIER = com.apps.NewsViewer;
				PRODUCT_NAME = "$(TARGET_NAME)";
				SWIFT_EMIT_LOC_STRINGS = YES;
				SWIFT_VERSION = 5.0;
				TARGETED_DEVICE_FAMILY = "1,2";
			};
			name = Release;
		};
/* End XCBuildConfiguration section */

/* Begin XCConfigurationList section */
		953A3BFE2A44393200638D7C /* Build configuration list for PBXProject "NewsViewer" */ = {
			isa = XCConfigurationList;
			buildConfigurations = (
				953A3C152A44393300638D7C /* Debug */,
				953A3C162A44393300638D7C /* Release */,
			);
			defaultConfigurationIsVisible = 0;
			defaultConfigurationName = Release;
		};
		953A3C172A44393300638D7C /* Build configuration list for PBXNativeTarget "NewsViewer" */ = {
			isa = XCConfigurationList;
			buildConfigurations = (
				953A3C182A44393300638D7C /* Debug */,
				953A3C192A44393300638D7C /* Release */,
			);
			defaultConfigurationIsVisible = 0;
			defaultConfigurationName = Release;
		};
/* End XCConfigurationList section */
	};
	rootObject = 953A3BFB2A44393200638D7C /* Project object */;
}
